
Microsoft Visual Studio Solution File, Format Version 12.00
# Visual Studio Version 16
VisualStudioVersion = 16.0.31005.135
MinimumVisualStudioVersion = 10.0.40219.1
Project("{FAE04EC0-301F-11D3-BF4B-00C04F79EFBC}") = "TOP-4.2-PIÑAESTRADA", "TOP-4.2-PIÑAESTRADA\TOP-4.2-PIÑAESTRADA.csproj", "{6BC560BD-C7C4-4989-B45B-DD5291250C4F}"
EndProject
Project("{FAE04EC0-301F-11D3-BF4B-00C04F79EFBC}") = "Actividad 3", "Actividad 3\Actividad 3.csproj", "{07AE4665-71A5-4F5C-916B-1BF8179A5967}"
EndProject
Project("{FAE04EC0-301F-11D3-BF4B-00C04F79EFBC}") = "Actividad 4", "Actividad 4\Actividad 4.csproj", "{61E8DD33-DA09-46BA-B3E5-A7E166E6AA57}"
EndProject
Project("{2150E333-8FDC-42A3-9474-1A3956D46DE8}") = "Unidad 1", "Unidad 1", "{55646B89-3184-48E8-80A8-A8EA27139FC6}"
EndProject
Project("{FAE04EC0-301F-11D3-BF4B-00C04F79EFBC}") = "Actividad 5", "Actividad 5\Actividad 5.csproj", "{26658F11-D44D-4B04-AFE9-75BFFE9CE00F}"
EndProject
Project("{FAE04EC0-301F-11D3-BF4B-00C04F79EFBC}") = "Actividad 6", "Actividad 6\Actividad 6.csproj", "{2B2AD28E-3334-4CA3-8375-A2511651CF3C}"
EndProject
Project("{FAE04EC0-301F-11D3-BF4B-00C04F79EFBC}") = "Actividad 7", "Actividad 7\Actividad 7.csproj", "{56C25137-146B-465F-8590-FF6937BC803F}"
EndProject
Project("{2150E333-8FDC-42A3-9474-1A3956D46DE8}") = "Unidad 2", "Unidad 2", "{66DC22CC-E64A-4503-9273-FA9602491D7D}"
EndProject
Project("{FAE04EC0-301F-11D3-BF4B-00C04F79EFBC}") = "U2Actividad1", "U2Actividad1\U2Actividad1.csproj", "{7AE71515-EE78-4C0C-9086-EAA7DE2FD998}"
EndProject
Project("{FAE04EC0-301F-11D3-BF4B-00C04F79EFBC}") = "U2ProyectoUnidad", "U2ProyectoUnidad\U2ProyectoUnidad.csproj", "{0623482B-BEFD-4C97-90FC-8C874244A604}"
EndProject
Global
	GlobalSection(SolutionConfigurationPlatforms) = preSolution
		Debug|Any CPU = Debug|Any CPU
		Release|Any CPU = Release|Any CPU
	EndGlobalSection
	GlobalSection(ProjectConfigurationPlatforms) = postSolution
		{6BC560BD-C7C4-4989-B45B-DD5291250C4F}.Debug|Any CPU.ActiveCfg = Debug|Any CPU
		{6BC560BD-C7C4-4989-B45B-DD5291250C4F}.Debug|Any CPU.Build.0 = Debug|Any CPU
		{6BC560BD-C7C4-4989-B45B-DD5291250C4F}.Release|Any CPU.ActiveCfg = Release|Any CPU
		{6BC560BD-C7C4-4989-B45B-DD5291250C4F}.Release|Any CPU.Build.0 = Release|Any CPU
		{07AE4665-71A5-4F5C-916B-1BF8179A5967}.Debug|Any CPU.ActiveCfg = Debug|Any CPU
		{07AE4665-71A5-4F5C-916B-1BF8179A5967}.Debug|Any CPU.Build.0 = Debug|Any CPU
		{07AE4665-71A5-4F5C-916B-1BF8179A5967}.Release|Any CPU.ActiveCfg = Release|Any CPU
		{07AE4665-71A5-4F5C-916B-1BF8179A5967}.Release|Any CPU.Build.0 = Release|Any CPU
		{61E8DD33-DA09-46BA-B3E5-A7E166E6AA57}.Debug|Any CPU.ActiveCfg = Debug|Any CPU
		{61E8DD33-DA09-46BA-B3E5-A7E166E6AA57}.Debug|Any CPU.Build.0 = Debug|Any CPU
		{61E8DD33-DA09-46BA-B3E5-A7E166E6AA57}.Release|Any CPU.ActiveCfg = Release|Any CPU
		{61E8DD33-DA09-46BA-B3E5-A7E166E6AA57}.Release|Any CPU.Build.0 = Release|Any CPU
		{26658F11-D44D-4B04-AFE9-75BFFE9CE00F}.Debug|Any CPU.ActiveCfg = Debug|Any CPU
		{26658F11-D44D-4B04-AFE9-75BFFE9CE00F}.Debug|Any CPU.Build.0 = Debug|Any CPU
		{26658F11-D44D-4B04-AFE9-75BFFE9CE00F}.Release|Any CPU.ActiveCfg = Release|Any CPU
		{26658F11-D44D-4B04-AFE9-75BFFE9CE00F}.Release|Any CPU.Build.0 = Release|Any CPU
		{2B2AD28E-3334-4CA3-8375-A2511651CF3C}.Debug|Any CPU.ActiveCfg = Debug|Any CPU
		{2B2AD28E-3334-4CA3-8375-A2511651CF3C}.Debug|Any CPU.Build.0 = Debug|Any CPU
		{2B2AD28E-3334-4CA3-8375-A2511651CF3C}.Release|Any CPU.ActiveCfg = Release|Any CPU
		{2B2AD28E-3334-4CA3-8375-A2511651CF3C}.Release|Any CPU.Build.0 = Release|Any CPU
		{56C25137-146B-465F-8590-FF6937BC803F}.Debug|Any CPU.ActiveCfg = Debug|Any CPU
		{56C25137-146B-465F-8590-FF6937BC803F}.Debug|Any CPU.Build.0 = Debug|Any CPU
		{56C25137-146B-465F-8590-FF6937BC803F}.Release|Any CPU.ActiveCfg = Release|Any CPU
		{56C25137-146B-465F-8590-FF6937BC803F}.Release|Any CPU.Build.0 = Release|Any CPU
		{7AE71515-EE78-4C0C-9086-EAA7DE2FD998}.Debug|Any CPU.ActiveCfg = Debug|Any CPU
		{7AE71515-EE78-4C0C-9086-EAA7DE2FD998}.Debug|Any CPU.Build.0 = Debug|Any CPU
		{7AE71515-EE78-4C0C-9086-EAA7DE2FD998}.Release|Any CPU.ActiveCfg = Release|Any CPU
		{7AE71515-EE78-4C0C-9086-EAA7DE2FD998}.Release|Any CPU.Build.0 = Release|Any CPU
		{0623482B-BEFD-4C97-90FC-8C874244A604}.Debug|Any CPU.ActiveCfg = Debug|Any CPU
		{0623482B-BEFD-4C97-90FC-8C874244A604}.Debug|Any CPU.Build.0 = Debug|Any CPU
		{0623482B-BEFD-4C97-90FC-8C874244A604}.Release|Any CPU.ActiveCfg = Release|Any CPU
		{0623482B-BEFD-4C97-90FC-8C874244A604}.Release|Any CPU.Build.0 = Release|Any CPU
	EndGlobalSection
	GlobalSection(SolutionProperties) = preSolution
		HideSolutionNode = FALSE
	EndGlobalSection
	GlobalSection(NestedProjects) = preSolution
		{6BC560BD-C7C4-4989-B45B-DD5291250C4F} = {55646B89-3184-48E8-80A8-A8EA27139FC6}
		{07AE4665-71A5-4F5C-916B-1BF8179A5967} = {55646B89-3184-48E8-80A8-A8EA27139FC6}
		{61E8DD33-DA09-46BA-B3E5-A7E166E6AA57} = {55646B89-3184-48E8-80A8-A8EA27139FC6}
		{26658F11-D44D-4B04-AFE9-75BFFE9CE00F} = {55646B89-3184-48E8-80A8-A8EA27139FC6}
		{2B2AD28E-3334-4CA3-8375-A2511651CF3C} = {55646B89-3184-48E8-80A8-A8EA27139FC6}
		{56C25137-146B-465F-8590-FF6937BC803F} = {55646B89-3184-48E8-80A8-A8EA27139FC6}
		{7AE71515-EE78-4C0C-9086-EAA7DE2FD998} = {66DC22CC-E64A-4503-9273-FA9602491D7D}
		{0623482B-BEFD-4C97-90FC-8C874244A604} = {66DC22CC-E64A-4503-9273-FA9602491D7D}
	EndGlobalSection
	GlobalSection(ExtensibilityGlobals) = postSolution
		SolutionGuid = {35C8B515-72A6-4059-B5C6-DA95E10B29E6}
	EndGlobalSection
EndGlobal
